
Microsoft Visual Studio Solution File, Format Version 12.00
# Visual Studio Version 16
VisualStudioVersion = 16.0.33027.164
MinimumVisualStudioVersion = 10.0.40219.1
Project("{9A19103F-16F7-4668-BE54-9A1E7A4F7556}") = "API_personeros2", "API_personeros2.csproj", "{63B78DDE-BECD-4ED7-8A35-E5D2F2E232D7}"
EndProject
Global
	GlobalSection(SolutionConfigurationPlatforms) = preSolution
		Debug|Any CPU = Debug|Any CPU
		Release|Any CPU = Release|Any CPU
	EndGlobalSection
	GlobalSection(ProjectConfigurationPlatforms) = postSolution
		{63B78DDE-BECD-4ED7-8A35-E5D2F2E232D7}.Debug|Any CPU.ActiveCfg = Debug|Any CPU
		{63B78DDE-BECD-4ED7-8A35-E5D2F2E232D7}.Debug|Any CPU.Build.0 = Debug|Any CPU
		{63B78DDE-BECD-4ED7-8A35-E5D2F2E232D7}.Release|Any CPU.ActiveCfg = Release|Any CPU
		{63B78DDE-BECD-4ED7-8A35-E5D2F2E232D7}.Release|Any CPU.Build.0 = Release|Any CPU
	EndGlobalSection
	GlobalSection(SolutionProperties) = preSolution
		HideSolutionNode = FALSE
	EndGlobalSection
	GlobalSection(ExtensibilityGlobals) = postSolution
		SolutionGuid = {28CE096B-D353-4830-AB37-4EFBC2724263}
	EndGlobalSection
EndGlobal
